
Microsoft Visual Studio Solution File, Format Version 12.00
# Visual Studio Version 17
VisualStudioVersion = 17.8.34330.188
MinimumVisualStudioVersion = 10.0.40219.1
Project("{FAE04EC0-301F-11D3-BF4B-00C04F79EFBC}") = "Sportifly", "Sportifly\Sportifly.csproj", "{F053756D-AA00-4788-88D6-5ABC747D7173}"
EndProject
Project("{9A19103F-16F7-4668-BE54-9A1E7A4F7556}") = "Sportifly.API", "Sportifly.API\Sportifly.API.csproj", "{E0300D59-E18D-4DF4-966D-5F871546FB2A}"
EndProject
Project("{FAE04EC0-301F-11D3-BF4B-00C04F79EFBC}") = "UnitTestProject1", "UnitTestProject1\UnitTestProject1.csproj", "{9EA2DFCE-69D7-4290-8593-9F2055AC529F}"
	ProjectSection(ProjectDependencies) = postProject
		{E0300D59-E18D-4DF4-966D-5F871546FB2A} = {E0300D59-E18D-4DF4-966D-5F871546FB2A}
		{F053756D-AA00-4788-88D6-5ABC747D7173} = {F053756D-AA00-4788-88D6-5ABC747D7173}
	EndProjectSection
EndProject
Global
	GlobalSection(SolutionConfigurationPlatforms) = preSolution
		Debug|Any CPU = Debug|Any CPU
		Release|Any CPU = Release|Any CPU
	EndGlobalSection
	GlobalSection(ProjectConfigurationPlatforms) = postSolution
		{F053756D-AA00-4788-88D6-5ABC747D7173}.Debug|Any CPU.ActiveCfg = Debug|Any CPU
		{F053756D-AA00-4788-88D6-5ABC747D7173}.Debug|Any CPU.Build.0 = Debug|Any CPU
		{F053756D-AA00-4788-88D6-5ABC747D7173}.Release|Any CPU.ActiveCfg = Release|Any CPU
		{F053756D-AA00-4788-88D6-5ABC747D7173}.Release|Any CPU.Build.0 = Release|Any CPU
		{E0300D59-E18D-4DF4-966D-5F871546FB2A}.Debug|Any CPU.ActiveCfg = Debug|Any CPU
		{E0300D59-E18D-4DF4-966D-5F871546FB2A}.Debug|Any CPU.Build.0 = Debug|Any CPU
		{E0300D59-E18D-4DF4-966D-5F871546FB2A}.Release|Any CPU.ActiveCfg = Release|Any CPU
		{E0300D59-E18D-4DF4-966D-5F871546FB2A}.Release|Any CPU.Build.0 = Release|Any CPU
		{9EA2DFCE-69D7-4290-8593-9F2055AC529F}.Debug|Any CPU.ActiveCfg = Debug|Any CPU
		{9EA2DFCE-69D7-4290-8593-9F2055AC529F}.Debug|Any CPU.Build.0 = Debug|Any CPU
		{9EA2DFCE-69D7-4290-8593-9F2055AC529F}.Release|Any CPU.ActiveCfg = Release|Any CPU
		{9EA2DFCE-69D7-4290-8593-9F2055AC529F}.Release|Any CPU.Build.0 = Release|Any CPU
	EndGlobalSection
	GlobalSection(SolutionProperties) = preSolution
		HideSolutionNode = FALSE
	EndGlobalSection
	GlobalSection(ExtensibilityGlobals) = postSolution
		SolutionGuid = {E348920D-7D56-41FA-AF96-8E16D5F1A5D9}
	EndGlobalSection
EndGlobal
